// !$*UTF8*$!
{
	archiveVersion = 1;
	classes = {
	};
	objectVersion = 46;
	objects = {

/* Begin PBXBuildFile section */
		6A0041491A96C227009DD922 /* Images.xcassets in Resources */ = {isa = PBXBuildFile; fileRef = CEEA46C91A2E500000DD2039 /* Images.xcassets */; };
		6A00414B1A96D3F5009DD922 /* CustomDialog.swift in Sources */ = {isa = PBXBuildFile; fileRef = 6A00414A1A96D3F4009DD922 /* CustomDialog.swift */; };
		6A00414F1A981AE6009DD922 /* background.jpg in Resources */ = {isa = PBXBuildFile; fileRef = 6A00414E1A981AE6009DD922 /* background.jpg */; };
		6A0041511A981B5B009DD922 /* CustomDialog2.swift in Sources */ = {isa = PBXBuildFile; fileRef = 6A0041501A981B5B009DD922 /* CustomDialog2.swift */; };
		6A00416E1A9A2A70009DD922 /* background_bad.png in Resources */ = {isa = PBXBuildFile; fileRef = 6A0041661A9A2A6F009DD922 /* background_bad.png */; };
		6A00416F1A9A2A70009DD922 /* background_game.png in Resources */ = {isa = PBXBuildFile; fileRef = 6A0041671A9A2A70009DD922 /* background_game.png */; };
		6A0041701A9A2A70009DD922 /* background_good.png in Resources */ = {isa = PBXBuildFile; fileRef = 6A0041681A9A2A70009DD922 /* background_good.png */; };
		6A0041711A9A2A70009DD922 /* background.jpg in Resources */ = {isa = PBXBuildFile; fileRef = 6A0041691A9A2A70009DD922 /* background.jpg */; };
		6A0041721A9A2A70009DD922 /* background.png in Resources */ = {isa = PBXBuildFile; fileRef = 6A00416A1A9A2A70009DD922 /* background.png */; };
		6A0041731A9A2A70009DD922 /* kono_pr.png in Resources */ = {isa = PBXBuildFile; fileRef = 6A00416B1A9A2A70009DD922 /* kono_pr.png */; };
		6A0041741A9A2A70009DD922 /* tamaki_pr.png in Resources */ = {isa = PBXBuildFile; fileRef = 6A00416C1A9A2A70009DD922 /* tamaki_pr.png */; };
		6A0041751A9A2A70009DD922 /* wada_pr.png in Resources */ = {isa = PBXBuildFile; fileRef = 6A00416D1A9A2A70009DD922 /* wada_pr.png */; };
		6A0041771A9A2F55009DD922 /* welcome.png in Resources */ = {isa = PBXBuildFile; fileRef = 6A0041761A9A2F55009DD922 /* welcome.png */; };
		6A0810401A77527200F320CF /* CoreMotion.framework in Frameworks */ = {isa = PBXBuildFile; fileRef = 6A08103F1A77527200F320CF /* CoreMotion.framework */; };
		6A0810421A77559000F320CF /* ロゴ.jpeg in Resources */ = {isa = PBXBuildFile; fileRef = 6A0810411A77559000F320CF /* ロゴ.jpeg */; };
		6F201D311A9A3225008C7EDA /* wada.png in Resources */ = {isa = PBXBuildFile; fileRef = 6F201D301A9A3225008C7EDA /* wada.png */; };
		6F201D331A9A324A008C7EDA /* takaki.png in Resources */ = {isa = PBXBuildFile; fileRef = 6F201D321A9A324A008C7EDA /* takaki.png */; };
		6F201D351A9A325C008C7EDA /* kono.png in Resources */ = {isa = PBXBuildFile; fileRef = 6F201D341A9A325C008C7EDA /* kono.png */; };
		6F201D371A9A327E008C7EDA /* sukiyaki.png in Resources */ = {isa = PBXBuildFile; fileRef = 6F201D361A9A327E008C7EDA /* sukiyaki.png */; };
		6F201D391A9A32C4008C7EDA /* yagi.png in Resources */ = {isa = PBXBuildFile; fileRef = 6F201D381A9A32C4008C7EDA /* yagi.png */; };
		6F201D3B1A9A3327008C7EDA /* syousetu.png in Resources */ = {isa = PBXBuildFile; fileRef = 6F201D3A1A9A3327008C7EDA /* syousetu.png */; };
		6F201D3D1A9A335F008C7EDA /* tamago.png in Resources */ = {isa = PBXBuildFile; fileRef = 6F201D3C1A9A335F008C7EDA /* tamago.png */; };
		6F201D3F1A9A3381008C7EDA /* curry.png in Resources */ = {isa = PBXBuildFile; fileRef = 6F201D3E1A9A3381008C7EDA /* curry.png */; };
		6F201D411A9A3388008C7EDA /* love.png in Resources */ = {isa = PBXBuildFile; fileRef = 6F201D401A9A3388008C7EDA /* love.png */; };
		6FF6F9AC1A9A182200C1A90D /* yamada.png in Resources */ = {isa = PBXBuildFile; fileRef = 6FF6F9AB1A9A182200C1A90D /* yamada.png */; };
		6FF6F9C21A9A1B3700C1A90D /* tamaki-to.png in Resources */ = {isa = PBXBuildFile; fileRef = 6FF6F9C11A9A1B3700C1A90D /* tamaki-to.png */; };
		6FF6F9C41A9A1B3E00C1A90D /* wada-to.png in Resources */ = {isa = PBXBuildFile; fileRef = 6FF6F9C31A9A1B3E00C1A90D /* wada-to.png */; };
		6FF6F9C61A9A1B4400C1A90D /* yamada-to.png in Resources */ = {isa = PBXBuildFile; fileRef = 6FF6F9C51A9A1B4400C1A90D /* yamada-to.png */; };
		6FF6F9C81A9A1C4D00C1A90D /* kono-to.png in Resources */ = {isa = PBXBuildFile; fileRef = 6FF6F9C71A9A1C4D00C1A90D /* kono-to.png */; };
		6FF6F9CA1A9A1C5300C1A90D /* okazaki-to.png in Resources */ = {isa = PBXBuildFile; fileRef = 6FF6F9C91A9A1C5300C1A90D /* okazaki-to.png */; };
		CE05ADC11A39F366005E6ECD /* UIColor+Shorthands.swift in Sources */ = {isa = PBXBuildFile; fileRef = CE05ADC01A39F366005E6ECD /* UIColor+Shorthands.swift */; };
		CE2414A91A31549D003B05E8 /* img4.jpg in Resources */ = {isa = PBXBuildFile; fileRef = CE2414A61A31549C003B05E8 /* img4.jpg */; };
		CE2414AA1A31549D003B05E8 /* img3.jpg in Resources */ = {isa = PBXBuildFile; fileRef = CE2414A71A31549D003B05E8 /* img3.jpg */; };
		CE2414AB1A31549D003B05E8 /* img2.jpg in Resources */ = {isa = PBXBuildFile; fileRef = CE2414A81A31549D003B05E8 /* img2.jpg */; };
		CE2414B01A3154AB003B05E8 /* img7.jpg in Resources */ = {isa = PBXBuildFile; fileRef = CE2414AC1A3154AB003B05E8 /* img7.jpg */; };
		CE2414B11A3154AB003B05E8 /* img6.jpg in Resources */ = {isa = PBXBuildFile; fileRef = CE2414AD1A3154AB003B05E8 /* img6.jpg */; };
		CE2414B21A3154AB003B05E8 /* img8.jpg in Resources */ = {isa = PBXBuildFile; fileRef = CE2414AE1A3154AB003B05E8 /* img8.jpg */; };
		CE2414B31A3154AB003B05E8 /* img5.jpg in Resources */ = {isa = PBXBuildFile; fileRef = CE2414AF1A3154AB003B05E8 /* img5.jpg */; };
		CE2414B51A3154B7003B05E8 /* img1.jpg in Resources */ = {isa = PBXBuildFile; fileRef = CE2414B41A3154B7003B05E8 /* img1.jpg */; };
		CE32126F1A2F61A100B8D0A4 /* SceneEscapeProtocol.swift in Sources */ = {isa = PBXBuildFile; fileRef = CE32126E1A2F61A100B8D0A4 /* SceneEscapeProtocol.swift */; };
		CE3212711A2F62E900B8D0A4 /* SecondScene.swift in Sources */ = {isa = PBXBuildFile; fileRef = CE3212701A2F62E900B8D0A4 /* SecondScene.swift */; };
		CE3212731A2F643900B8D0A4 /* SelectScene.swift in Sources */ = {isa = PBXBuildFile; fileRef = CE3212721A2F643900B8D0A4 /* SelectScene.swift */; };
		CE3212751A2FF71E00B8D0A4 /* GameInfo.swift in Sources */ = {isa = PBXBuildFile; fileRef = CE3212741A2FF71E00B8D0A4 /* GameInfo.swift */; };
		CE45FC031A5E096C008931D9 /* data1.jpg in Resources */ = {isa = PBXBuildFile; fileRef = CE45FC021A5E096C008931D9 /* data1.jpg */; };
		CE92CC0C1A3162AE003A6732 /* InitScene.swift in Sources */ = {isa = PBXBuildFile; fileRef = CE92CC0B1A3162AE003A6732 /* InitScene.swift */; };
		CED687E51A37FD57001F6AAB /* GameData.swift in Sources */ = {isa = PBXBuildFile; fileRef = CED687E41A37FD57001F6AAB /* GameData.swift */; };
		CED687E71A38042B001F6AAB /* ein.jpg in Resources */ = {isa = PBXBuildFile; fileRef = CED687E61A38042B001F6AAB /* ein.jpg */; };
		CED687EB1A386D33001F6AAB /* movie1.mp4 in Resources */ = {isa = PBXBuildFile; fileRef = CED687EA1A386D33001F6AAB /* movie1.mp4 */; };
		CED687EF1A389611001F6AAB /* sound1.mp3 in Resources */ = {isa = PBXBuildFile; fileRef = CED687EC1A389611001F6AAB /* sound1.mp3 */; };
		CED687F01A389611001F6AAB /* sound2.mp3 in Resources */ = {isa = PBXBuildFile; fileRef = CED687ED1A389611001F6AAB /* sound2.mp3 */; };
		CED687F11A389611001F6AAB /* sound3.mp3 in Resources */ = {isa = PBXBuildFile; fileRef = CED687EE1A389611001F6AAB /* sound3.mp3 */; };
		CED687F31A389A0A001F6AAB /* fault.mp3 in Resources */ = {isa = PBXBuildFile; fileRef = CED687F21A389A0A001F6AAB /* fault.mp3 */; };
		CED687F51A389A20001F6AAB /* success.mp3 in Resources */ = {isa = PBXBuildFile; fileRef = CED687F41A389A20001F6AAB /* success.mp3 */; };
		CEE83CE81A375EC30075EC8B /* img9.jpg in Resources */ = {isa = PBXBuildFile; fileRef = CEE83CE71A375EC30075EC8B /* img9.jpg */; };
		CEEA46BF1A2E500000DD2039 /* AppDelegate.swift in Sources */ = {isa = PBXBuildFile; fileRef = CEEA46BE1A2E500000DD2039 /* AppDelegate.swift */; };
		CEEA46C11A2E500000DD2039 /* GameScene.sks in Resources */ = {isa = PBXBuildFile; fileRef = CEEA46C01A2E500000DD2039 /* GameScene.sks */; };
		CEEA46C31A2E500000DD2039 /* GameScene.swift in Sources */ = {isa = PBXBuildFile; fileRef = CEEA46C21A2E500000DD2039 /* GameScene.swift */; };
		CEEA46C51A2E500000DD2039 /* GameViewController.swift in Sources */ = {isa = PBXBuildFile; fileRef = CEEA46C41A2E500000DD2039 /* GameViewController.swift */; };
		CEEA46C81A2E500000DD2039 /* Main.storyboard in Resources */ = {isa = PBXBuildFile; fileRef = CEEA46C61A2E500000DD2039 /* Main.storyboard */; };
		CEEA46CD1A2E500000DD2039 /* LaunchScreen.xib in Resources */ = {isa = PBXBuildFile; fileRef = CEEA46CB1A2E500000DD2039 /* LaunchScreen.xib */; };
		CEEA46D91A2E500000DD2039 /* SKGame2Tests.swift in Sources */ = {isa = PBXBuildFile; fileRef = CEEA46D81A2E500000DD2039 /* SKGame2Tests.swift */; };
		CEEA46E61A2E50F200DD2039 /* item1.jpeg in Resources */ = {isa = PBXBuildFile; fileRef = CEEA46E21A2E50F200DD2039 /* item1.jpeg */; };
		CEEA46E71A2E50F200DD2039 /* item2.jpg in Resources */ = {isa = PBXBuildFile; fileRef = CEEA46E31A2E50F200DD2039 /* item2.jpg */; };
		CEEA46E81A2E50F200DD2039 /* item3.jpg in Resources */ = {isa = PBXBuildFile; fileRef = CEEA46E41A2E50F200DD2039 /* item3.jpg */; };
		CEEA46E91A2E50F200DD2039 /* kono3.jpg in Resources */ = {isa = PBXBuildFile; fileRef = CEEA46E51A2E50F200DD2039 /* kono3.jpg */; };
/* End PBXBuildFile section */

/* Begin PBXContainerItemProxy section */
		CEEA46D31A2E500000DD2039 /* PBXContainerItemProxy */ = {
			isa = PBXContainerItemProxy;
			containerPortal = CEEA46B11A2E500000DD2039 /* Project object */;
			proxyType = 1;
			remoteGlobalIDString = CEEA46B81A2E500000DD2039;
			remoteInfo = SKGame2;
		};
/* End PBXContainerItemProxy section */

/* Begin PBXFileReference section */
		6A00414A1A96D3F4009DD922 /* CustomDialog.swift */ = {isa = PBXFileReference; fileEncoding = 4; lastKnownFileType = sourcecode.swift; path = CustomDialog.swift; sourceTree = "<group>"; };
		6A00414E1A981AE6009DD922 /* background.jpg */ = {isa = PBXFileReference; lastKnownFileType = image.jpeg; path = background.jpg; sourceTree = "<group>"; };
		6A0041501A981B5B009DD922 /* CustomDialog2.swift */ = {isa = PBXFileReference; fileEncoding = 4; lastKnownFileType = sourcecode.swift; path = CustomDialog2.swift; sourceTree = "<group>"; };
		6A0041661A9A2A6F009DD922 /* background_bad.png */ = {isa = PBXFileReference; lastKnownFileType = image.png; path = background_bad.png; sourceTree = "<group>"; };
		6A0041671A9A2A70009DD922 /* background_game.png */ = {isa = PBXFileReference; lastKnownFileType = image.png; path = background_game.png; sourceTree = "<group>"; };
		6A0041681A9A2A70009DD922 /* background_good.png */ = {isa = PBXFileReference; lastKnownFileType = image.png; path = background_good.png; sourceTree = "<group>"; };
		6A0041691A9A2A70009DD922 /* background.jpg */ = {isa = PBXFileReference; lastKnownFileType = image.jpeg; path = background.jpg; sourceTree = "<group>"; };
		6A00416A1A9A2A70009DD922 /* background.png */ = {isa = PBXFileReference; lastKnownFileType = image.png; path = background.png; sourceTree = "<group>"; };
		6A00416B1A9A2A70009DD922 /* kono_pr.png */ = {isa = PBXFileReference; lastKnownFileType = image.png; path = kono_pr.png; sourceTree = "<group>"; };
		6A00416C1A9A2A70009DD922 /* tamaki_pr.png */ = {isa = PBXFileReference; lastKnownFileType = image.png; path = tamaki_pr.png; sourceTree = "<group>"; };
		6A00416D1A9A2A70009DD922 /* wada_pr.png */ = {isa = PBXFileReference; lastKnownFileType = image.png; path = wada_pr.png; sourceTree = "<group>"; };
		6A0041761A9A2F55009DD922 /* welcome.png */ = {isa = PBXFileReference; lastKnownFileType = image.png; path = welcome.png; sourceTree = "<group>"; };
		6A08103F1A77527200F320CF /* CoreMotion.framework */ = {isa = PBXFileReference; lastKnownFileType = wrapper.framework; name = CoreMotion.framework; path = System/Library/Frameworks/CoreMotion.framework; sourceTree = SDKROOT; };
		6A0810411A77559000F320CF /* ロゴ.jpeg */ = {isa = PBXFileReference; lastKnownFileType = image.jpeg; path = "ロゴ.jpeg"; sourceTree = "<group>"; };
		6F201D301A9A3225008C7EDA /* wada.png */ = {isa = PBXFileReference; lastKnownFileType = image.png; path = wada.png; sourceTree = "<group>"; };
		6F201D321A9A324A008C7EDA /* takaki.png */ = {isa = PBXFileReference; lastKnownFileType = image.png; path = takaki.png; sourceTree = "<group>"; };
		6F201D341A9A325C008C7EDA /* kono.png */ = {isa = PBXFileReference; lastKnownFileType = image.png; path = kono.png; sourceTree = "<group>"; };
		6F201D361A9A327E008C7EDA /* sukiyaki.png */ = {isa = PBXFileReference; lastKnownFileType = image.png; path = sukiyaki.png; sourceTree = "<group>"; };
		6F201D381A9A32C4008C7EDA /* yagi.png */ = {isa = PBXFileReference; lastKnownFileType = image.png; path = yagi.png; sourceTree = "<group>"; };
		6F201D3A1A9A3327008C7EDA /* syousetu.png */ = {isa = PBXFileReference; lastKnownFileType = image.png; path = syousetu.png; sourceTree = "<group>"; };
		6F201D3C1A9A335F008C7EDA /* tamago.png */ = {isa = PBXFileReference; lastKnownFileType = image.png; path = tamago.png; sourceTree = "<group>"; };
		6F201D3E1A9A3381008C7EDA /* curry.png */ = {isa = PBXFileReference; lastKnownFileType = image.png; path = curry.png; sourceTree = "<group>"; };
		6F201D401A9A3388008C7EDA /* love.png */ = {isa = PBXFileReference; lastKnownFileType = image.png; path = love.png; sourceTree = "<group>"; };
		6FF6F9AB1A9A182200C1A90D /* yamada.png */ = {isa = PBXFileReference; lastKnownFileType = image.png; path = yamada.png; sourceTree = "<group>"; };
		6FF6F9C11A9A1B3700C1A90D /* tamaki-to.png */ = {isa = PBXFileReference; lastKnownFileType = image.png; path = "tamaki-to.png"; sourceTree = "<group>"; };
		6FF6F9C31A9A1B3E00C1A90D /* wada-to.png */ = {isa = PBXFileReference; lastKnownFileType = image.png; path = "wada-to.png"; sourceTree = "<group>"; };
		6FF6F9C51A9A1B4400C1A90D /* yamada-to.png */ = {isa = PBXFileReference; lastKnownFileType = image.png; path = "yamada-to.png"; sourceTree = "<group>"; };
		6FF6F9C71A9A1C4D00C1A90D /* kono-to.png */ = {isa = PBXFileReference; lastKnownFileType = image.png; path = "kono-to.png"; sourceTree = "<group>"; };
		6FF6F9C91A9A1C5300C1A90D /* okazaki-to.png */ = {isa = PBXFileReference; lastKnownFileType = image.png; path = "okazaki-to.png"; sourceTree = "<group>"; };
		CE05ADC01A39F366005E6ECD /* UIColor+Shorthands.swift */ = {isa = PBXFileReference; fileEncoding = 4; lastKnownFileType = sourcecode.swift; path = "UIColor+Shorthands.swift"; sourceTree = "<group>"; };
		CE2414A61A31549C003B05E8 /* img4.jpg */ = {isa = PBXFileReference; lastKnownFileType = image.jpeg; path = img4.jpg; sourceTree = "<group>"; };
		CE2414A71A31549D003B05E8 /* img3.jpg */ = {isa = PBXFileReference; lastKnownFileType = image.jpeg; path = img3.jpg; sourceTree = "<group>"; };
		CE2414A81A31549D003B05E8 /* img2.jpg */ = {isa = PBXFileReference; lastKnownFileType = image.jpeg; path = img2.jpg; sourceTree = "<group>"; };
		CE2414AC1A3154AB003B05E8 /* img7.jpg */ = {isa = PBXFileReference; lastKnownFileType = image.jpeg; path = img7.jpg; sourceTree = "<group>"; };
		CE2414AD1A3154AB003B05E8 /* img6.jpg */ = {isa = PBXFileReference; lastKnownFileType = image.jpeg; path = img6.jpg; sourceTree = "<group>"; };
		CE2414AE1A3154AB003B05E8 /* img8.jpg */ = {isa = PBXFileReference; lastKnownFileType = image.jpeg; path = img8.jpg; sourceTree = "<group>"; };
		CE2414AF1A3154AB003B05E8 /* img5.jpg */ = {isa = PBXFileReference; lastKnownFileType = image.jpeg; path = img5.jpg; sourceTree = "<group>"; };
		CE2414B41A3154B7003B05E8 /* img1.jpg */ = {isa = PBXFileReference; lastKnownFileType = image.jpeg; path = img1.jpg; sourceTree = "<group>"; };
		CE32126E1A2F61A100B8D0A4 /* SceneEscapeProtocol.swift */ = {isa = PBXFileReference; fileEncoding = 4; lastKnownFileType = sourcecode.swift; path = SceneEscapeProtocol.swift; sourceTree = "<group>"; };
		CE3212701A2F62E900B8D0A4 /* SecondScene.swift */ = {isa = PBXFileReference; fileEncoding = 4; lastKnownFileType = sourcecode.swift; path = SecondScene.swift; sourceTree = "<group>"; };
		CE3212721A2F643900B8D0A4 /* SelectScene.swift */ = {isa = PBXFileReference; fileEncoding = 4; lastKnownFileType = sourcecode.swift; path = SelectScene.swift; sourceTree = "<group>"; };
		CE3212741A2FF71E00B8D0A4 /* GameInfo.swift */ = {isa = PBXFileReference; fileEncoding = 4; lastKnownFileType = sourcecode.swift; path = GameInfo.swift; sourceTree = "<group>"; };
		CE45FC021A5E096C008931D9 /* data1.jpg */ = {isa = PBXFileReference; lastKnownFileType = image.jpeg; path = data1.jpg; sourceTree = "<group>"; };
		CE6092861A5623AE00966923 /* Info.plist */ = {isa = PBXFileReference; lastKnownFileType = text.plist.xml; path = Info.plist; sourceTree = "<group>"; };
		CE6092871A5623AE00966923 /* SKGame2_Tests.swift */ = {isa = PBXFileReference; lastKnownFileType = sourcecode.swift; path = SKGame2_Tests.swift; sourceTree = "<group>"; };
		CE92CC0B1A3162AE003A6732 /* InitScene.swift */ = {isa = PBXFileReference; fileEncoding = 4; lastKnownFileType = sourcecode.swift; path = InitScene.swift; sourceTree = "<group>"; };
		CED687E41A37FD57001F6AAB /* GameData.swift */ = {isa = PBXFileReference; fileEncoding = 4; lastKnownFileType = sourcecode.swift; path = GameData.swift; sourceTree = "<group>"; };
		CED687E61A38042B001F6AAB /* ein.jpg */ = {isa = PBXFileReference; lastKnownFileType = image.jpeg; path = ein.jpg; sourceTree = "<group>"; };
		CED687EA1A386D33001F6AAB /* movie1.mp4 */ = {isa = PBXFileReference; lastKnownFileType = file; path = movie1.mp4; sourceTree = "<group>"; };
		CED687EC1A389611001F6AAB /* sound1.mp3 */ = {isa = PBXFileReference; lastKnownFileType = audio.mp3; path = sound1.mp3; sourceTree = "<group>"; };
		CED687ED1A389611001F6AAB /* sound2.mp3 */ = {isa = PBXFileReference; lastKnownFileType = audio.mp3; path = sound2.mp3; sourceTree = "<group>"; };
		CED687EE1A389611001F6AAB /* sound3.mp3 */ = {isa = PBXFileReference; lastKnownFileType = audio.mp3; path = sound3.mp3; sourceTree = "<group>"; };
		CED687F21A389A0A001F6AAB /* fault.mp3 */ = {isa = PBXFileReference; lastKnownFileType = audio.mp3; path = fault.mp3; sourceTree = "<group>"; };
		CED687F41A389A20001F6AAB /* success.mp3 */ = {isa = PBXFileReference; lastKnownFileType = audio.mp3; path = success.mp3; sourceTree = "<group>"; };
		CEE83CE71A375EC30075EC8B /* img9.jpg */ = {isa = PBXFileReference; lastKnownFileType = image.jpeg; path = img9.jpg; sourceTree = "<group>"; };
		CEEA46B91A2E500000DD2039 /* 先生ウォッチ.app */ = {isa = PBXFileReference; explicitFileType = wrapper.application; includeInIndex = 0; path = "先生ウォッチ.app"; sourceTree = BUILT_PRODUCTS_DIR; };
		CEEA46BD1A2E500000DD2039 /* Info.plist */ = {isa = PBXFileReference; lastKnownFileType = text.plist.xml; path = Info.plist; sourceTree = "<group>"; };
		CEEA46BE1A2E500000DD2039 /* AppDelegate.swift */ = {isa = PBXFileReference; lastKnownFileType = sourcecode.swift; path = AppDelegate.swift; sourceTree = "<group>"; };
		CEEA46C01A2E500000DD2039 /* GameScene.sks */ = {isa = PBXFileReference; lastKnownFileType = file.sks; path = GameScene.sks; sourceTree = "<group>"; };
		CEEA46C21A2E500000DD2039 /* GameScene.swift */ = {isa = PBXFileReference; lastKnownFileType = sourcecode.swift; path = GameScene.swift; sourceTree = "<group>"; };
		CEEA46C41A2E500000DD2039 /* GameViewController.swift */ = {isa = PBXFileReference; lastKnownFileType = sourcecode.swift; path = GameViewController.swift; sourceTree = "<group>"; };
		CEEA46C71A2E500000DD2039 /* Base */ = {isa = PBXFileReference; lastKnownFileType = file.storyboard; name = Base; path = Base.lproj/Main.storyboard; sourceTree = "<group>"; };
		CEEA46C91A2E500000DD2039 /* Images.xcassets */ = {isa = PBXFileReference; lastKnownFileType = folder.assetcatalog; path = Images.xcassets; sourceTree = "<group>"; };
		CEEA46CC1A2E500000DD2039 /* Base */ = {isa = PBXFileReference; lastKnownFileType = file.xib; name = Base; path = Base.lproj/LaunchScreen.xib; sourceTree = "<group>"; };
		CEEA46D21A2E500000DD2039 /* SKGame2Tests.xctest */ = {isa = PBXFileReference; explicitFileType = wrapper.cfbundle; includeInIndex = 0; path = SKGame2Tests.xctest; sourceTree = BUILT_PRODUCTS_DIR; };
		CEEA46D71A2E500000DD2039 /* Info.plist */ = {isa = PBXFileReference; lastKnownFileType = text.plist.xml; path = Info.plist; sourceTree = "<group>"; };
		CEEA46D81A2E500000DD2039 /* SKGame2Tests.swift */ = {isa = PBXFileReference; lastKnownFileType = sourcecode.swift; path = SKGame2Tests.swift; sourceTree = "<group>"; };
		CEEA46E21A2E50F200DD2039 /* item1.jpeg */ = {isa = PBXFileReference; lastKnownFileType = image.jpeg; path = item1.jpeg; sourceTree = "<group>"; };
		CEEA46E31A2E50F200DD2039 /* item2.jpg */ = {isa = PBXFileReference; lastKnownFileType = image.jpeg; path = item2.jpg; sourceTree = "<group>"; };
		CEEA46E41A2E50F200DD2039 /* item3.jpg */ = {isa = PBXFileReference; lastKnownFileType = image.jpeg; path = item3.jpg; sourceTree = "<group>"; };
		CEEA46E51A2E50F200DD2039 /* kono3.jpg */ = {isa = PBXFileReference; lastKnownFileType = image.jpeg; path = kono3.jpg; sourceTree = "<group>"; };
/* End PBXFileReference section */

/* Begin PBXFrameworksBuildPhase section */
		CEEA46B61A2E500000DD2039 /* Frameworks */ = {
			isa = PBXFrameworksBuildPhase;
			buildActionMask = 2147483647;
			files = (
				6A0810401A77527200F320CF /* CoreMotion.framework in Frameworks */,
			);
			runOnlyForDeploymentPostprocessing = 0;
		};
		CEEA46CF1A2E500000DD2039 /* Frameworks */ = {
			isa = PBXFrameworksBuildPhase;
			buildActionMask = 2147483647;
			files = (
			);
			runOnlyForDeploymentPostprocessing = 0;
		};
/* End PBXFrameworksBuildPhase section */

/* Begin PBXGroup section */
		CE6092841A5623AE00966923 /* SKGame2 Tests */ = {
			isa = PBXGroup;
			children = (
				CE6092871A5623AE00966923 /* SKGame2_Tests.swift */,
				CE6092851A5623AE00966923 /* Supporting Files */,
			);
			path = "SKGame2 Tests";
			sourceTree = "<group>";
		};
		CE6092851A5623AE00966923 /* Supporting Files */ = {
			isa = PBXGroup;
			children = (
				CE6092861A5623AE00966923 /* Info.plist */,
			);
			name = "Supporting Files";
			sourceTree = "<group>";
		};
		CEEA46B01A2E500000DD2039 = {
			isa = PBXGroup;
			children = (
				6A08103F1A77527200F320CF /* CoreMotion.framework */,
				CEEA46BB1A2E500000DD2039 /* SKGame2 */,
				CEEA46D51A2E500000DD2039 /* SKGame2Tests */,
				CE6092841A5623AE00966923 /* SKGame2 Tests */,
				CEEA46BA1A2E500000DD2039 /* Products */,
			);
			sourceTree = "<group>";
		};
		CEEA46BA1A2E500000DD2039 /* Products */ = {
			isa = PBXGroup;
			children = (
				CEEA46B91A2E500000DD2039 /* 先生ウォッチ.app */,
				CEEA46D21A2E500000DD2039 /* SKGame2Tests.xctest */,
			);
			name = Products;
			sourceTree = "<group>";
		};
		CEEA46BB1A2E500000DD2039 /* SKGame2 */ = {
			isa = PBXGroup;
			children = (
				CEEA46BE1A2E500000DD2039 /* AppDelegate.swift */,
				CEEA46C01A2E500000DD2039 /* GameScene.sks */,
				CE05ADC01A39F366005E6ECD /* UIColor+Shorthands.swift */,
				CEEA46C21A2E500000DD2039 /* GameScene.swift */,
				CEEA46C41A2E500000DD2039 /* GameViewController.swift */,
				CE92CC0B1A3162AE003A6732 /* InitScene.swift */,
				CE3212741A2FF71E00B8D0A4 /* GameInfo.swift */,
				CED687E41A37FD57001F6AAB /* GameData.swift */,
				CE3212721A2F643900B8D0A4 /* SelectScene.swift */,
				6A00414A1A96D3F4009DD922 /* CustomDialog.swift */,
				6A0041501A981B5B009DD922 /* CustomDialog2.swift */,
				CE3212701A2F62E900B8D0A4 /* SecondScene.swift */,
				CE32126E1A2F61A100B8D0A4 /* SceneEscapeProtocol.swift */,
				CEEA46C61A2E500000DD2039 /* Main.storyboard */,
				CEEA46C91A2E500000DD2039 /* Images.xcassets */,
				CEEA46CB1A2E500000DD2039 /* LaunchScreen.xib */,
				CEEA46BC1A2E500000DD2039 /* Supporting Files */,
			);
			path = SKGame2;
			sourceTree = "<group>";
		};
		CEEA46BC1A2E500000DD2039 /* Supporting Files */ = {
			isa = PBXGroup;
			children = (
				6F201D401A9A3388008C7EDA /* love.png */,
				6F201D3E1A9A3381008C7EDA /* curry.png */,
				6F201D3C1A9A335F008C7EDA /* tamago.png */,
				6F201D3A1A9A3327008C7EDA /* syousetu.png */,
				6F201D381A9A32C4008C7EDA /* yagi.png */,
				6F201D361A9A327E008C7EDA /* sukiyaki.png */,
				6F201D341A9A325C008C7EDA /* kono.png */,
				6F201D321A9A324A008C7EDA /* takaki.png */,
				6F201D301A9A3225008C7EDA /* wada.png */,
				6FF6F9C91A9A1C5300C1A90D /* okazaki-to.png */,
				6FF6F9C71A9A1C4D00C1A90D /* kono-to.png */,
				6FF6F9C51A9A1B4400C1A90D /* yamada-to.png */,
				6FF6F9C31A9A1B3E00C1A90D /* wada-to.png */,
				6A0041761A9A2F55009DD922 /* welcome.png */,
				6FF6F9C11A9A1B3700C1A90D /* tamaki-to.png */,
				6FF6F9AB1A9A182200C1A90D /* yamada.png */,
				6A0810411A77559000F320CF /* ロゴ.jpeg */,
				6A00414E1A981AE6009DD922 /* background.jpg */,
				CED687F41A389A20001F6AAB /* success.mp3 */,
				CED687F21A389A0A001F6AAB /* fault.mp3 */,
				CED687EC1A389611001F6AAB /* sound1.mp3 */,
				CED687ED1A389611001F6AAB /* sound2.mp3 */,
				CED687EE1A389611001F6AAB /* sound3.mp3 */,
				CED687EA1A386D33001F6AAB /* movie1.mp4 */,
				CE45FC021A5E096C008931D9 /* data1.jpg */,
				CED687E61A38042B001F6AAB /* ein.jpg */,
				6A0041661A9A2A6F009DD922 /* background_bad.png */,
				6A0041671A9A2A70009DD922 /* background_game.png */,
				6A0041681A9A2A70009DD922 /* background_good.png */,
				6A0041691A9A2A70009DD922 /* background.jpg */,
				6A00416A1A9A2A70009DD922 /* background.png */,
				6A00416B1A9A2A70009DD922 /* kono_pr.png */,
				6A00416C1A9A2A70009DD922 /* tamaki_pr.png */,
				6A00416D1A9A2A70009DD922 /* wada_pr.png */,
				CEE83CE71A375EC30075EC8B /* img9.jpg */,
				CEEA46E21A2E50F200DD2039 /* item1.jpeg */,
				CE2414AC1A3154AB003B05E8 /* img7.jpg */,
				CE2414AD1A3154AB003B05E8 /* img6.jpg */,
				CE2414AE1A3154AB003B05E8 /* img8.jpg */,
				CE2414AF1A3154AB003B05E8 /* img5.jpg */,
				CE2414A61A31549C003B05E8 /* img4.jpg */,
				CE2414A71A31549D003B05E8 /* img3.jpg */,
				CE2414A81A31549D003B05E8 /* img2.jpg */,
				CE2414B41A3154B7003B05E8 /* img1.jpg */,
				CEEA46E31A2E50F200DD2039 /* item2.jpg */,
				CEEA46E41A2E50F200DD2039 /* item3.jpg */,
				CEEA46E51A2E50F200DD2039 /* kono3.jpg */,
				CEEA46BD1A2E500000DD2039 /* Info.plist */,
			);
			name = "Supporting Files";
			sourceTree = "<group>";
		};
		CEEA46D51A2E500000DD2039 /* SKGame2Tests */ = {
			isa = PBXGroup;
			children = (
				CEEA46D81A2E500000DD2039 /* SKGame2Tests.swift */,
				CEEA46D61A2E500000DD2039 /* Supporting Files */,
			);
			path = SKGame2Tests;
			sourceTree = "<group>";
		};
		CEEA46D61A2E500000DD2039 /* Supporting Files */ = {
			isa = PBXGroup;
			children = (
				CEEA46D71A2E500000DD2039 /* Info.plist */,
			);
			name = "Supporting Files";
			sourceTree = "<group>";
		};
/* End PBXGroup section */

/* Begin PBXNativeTarget section */
		CEEA46B81A2E500000DD2039 /* 先生ウォッチ */ = {
			isa = PBXNativeTarget;
			buildConfigurationList = CEEA46DC1A2E500000DD2039 /* Build configuration list for PBXNativeTarget "先生ウォッチ" */;
			buildPhases = (
				CEEA46B51A2E500000DD2039 /* Sources */,
				CEEA46B61A2E500000DD2039 /* Frameworks */,
				CEEA46B71A2E500000DD2039 /* Resources */,
			);
			buildRules = (
			);
			dependencies = (
			);
			name = "先生ウォッチ";
			productName = SKGame2;
			productReference = CEEA46B91A2E500000DD2039 /* 先生ウォッチ.app */;
			productType = "com.apple.product-type.application";
		};
		CEEA46D11A2E500000DD2039 /* SKGame2Tests */ = {
			isa = PBXNativeTarget;
			buildConfigurationList = CEEA46DF1A2E500000DD2039 /* Build configuration list for PBXNativeTarget "SKGame2Tests" */;
			buildPhases = (
				CEEA46CE1A2E500000DD2039 /* Sources */,
				CEEA46CF1A2E500000DD2039 /* Frameworks */,
				CEEA46D01A2E500000DD2039 /* Resources */,
			);
			buildRules = (
			);
			dependencies = (
				CEEA46D41A2E500000DD2039 /* PBXTargetDependency */,
			);
			name = SKGame2Tests;
			productName = SKGame2Tests;
			productReference = CEEA46D21A2E500000DD2039 /* SKGame2Tests.xctest */;
			productType = "com.apple.product-type.bundle.unit-test";
		};
/* End PBXNativeTarget section */

/* Begin PBXProject section */
		CEEA46B11A2E500000DD2039 /* Project object */ = {
			isa = PBXProject;
			attributes = {
				LastUpgradeCheck = 0610;
				ORGANIZATIONNAME = "仁木　真人";
				TargetAttributes = {
					CEEA46B81A2E500000DD2039 = {
						CreatedOnToolsVersion = 6.1;
					};
					CEEA46D11A2E500000DD2039 = {
						CreatedOnToolsVersion = 6.1;
						TestTargetID = CEEA46B81A2E500000DD2039;
					};
				};
			};
			buildConfigurationList = CEEA46B41A2E500000DD2039 /* Build configuration list for PBXProject "SKGame2" */;
			compatibilityVersion = "Xcode 3.2";
			developmentRegion = English;
			hasScannedForEncodings = 0;
			knownRegions = (
				en,
				Base,
			);
			mainGroup = CEEA46B01A2E500000DD2039;
			productRefGroup = CEEA46BA1A2E500000DD2039 /* Products */;
			projectDirPath = "";
			projectRoot = "";
			targets = (
				CEEA46B81A2E500000DD2039 /* 先生ウォッチ */,
				CEEA46D11A2E500000DD2039 /* SKGame2Tests */,
			);
		};
/* End PBXProject section */

/* Begin PBXResourcesBuildPhase section */
		CEEA46B71A2E500000DD2039 /* Resources */ = {
			isa = PBXResourcesBuildPhase;
			buildActionMask = 2147483647;
			files = (
				6F201D3B1A9A3327008C7EDA /* syousetu.png in Resources */,
				6A0041741A9A2A70009DD922 /* tamaki_pr.png in Resources */,
				6A00414F1A981AE6009DD922 /* background.jpg in Resources */,
				6F201D3F1A9A3381008C7EDA /* curry.png in Resources */,
				CEEA46CD1A2E500000DD2039 /* LaunchScreen.xib in Resources */,
				CE2414B31A3154AB003B05E8 /* img5.jpg in Resources */,
				CE2414AA1A31549D003B05E8 /* img3.jpg in Resources */,
				6A0041711A9A2A70009DD922 /* background.jpg in Resources */,
				6F201D311A9A3225008C7EDA /* wada.png in Resources */,
				CED687F51A389A20001F6AAB /* success.mp3 in Resources */,
				6A0041751A9A2A70009DD922 /* wada_pr.png in Resources */,
				6FF6F9C81A9A1C4D00C1A90D /* kono-to.png in Resources */,
				CEE83CE81A375EC30075EC8B /* img9.jpg in Resources */,
				6F201D351A9A325C008C7EDA /* kono.png in Resources */,
				CE2414B21A3154AB003B05E8 /* img8.jpg in Resources */,
				CE2414B11A3154AB003B05E8 /* img6.jpg in Resources */,
				6FF6F9CA1A9A1C5300C1A90D /* okazaki-to.png in Resources */,
				6A0041731A9A2A70009DD922 /* kono_pr.png in Resources */,
				6A0041721A9A2A70009DD922 /* background.png in Resources */,
				6A0041491A96C227009DD922 /* Images.xcassets in Resources */,
				CED687F31A389A0A001F6AAB /* fault.mp3 in Resources */,
				CED687EB1A386D33001F6AAB /* movie1.mp4 in Resources */,
				6A00416E1A9A2A70009DD922 /* background_bad.png in Resources */,
				6FF6F9C41A9A1B3E00C1A90D /* wada-to.png in Resources */,
				CE2414B51A3154B7003B05E8 /* img1.jpg in Resources */,
				CEEA46E91A2E50F200DD2039 /* kono3.jpg in Resources */,
				CED687EF1A389611001F6AAB /* sound1.mp3 in Resources */,
				6F201D371A9A327E008C7EDA /* sukiyaki.png in Resources */,
				CEEA46E61A2E50F200DD2039 /* item1.jpeg in Resources */,
				CE45FC031A5E096C008931D9 /* data1.jpg in Resources */,
				6A0810421A77559000F320CF /* ロゴ.jpeg in Resources */,
				6FF6F9AC1A9A182200C1A90D /* yamada.png in Resources */,
				6A0041701A9A2A70009DD922 /* background_good.png in Resources */,
				6F201D391A9A32C4008C7EDA /* yagi.png in Resources */,
				CE2414A91A31549D003B05E8 /* img4.jpg in Resources */,
				6FF6F9C21A9A1B3700C1A90D /* tamaki-to.png in Resources */,
				6FF6F9C61A9A1B4400C1A90D /* yamada-to.png in Resources */,
				CEEA46C11A2E500000DD2039 /* GameScene.sks in Resources */,
				6F201D3D1A9A335F008C7EDA /* tamago.png in Resources */,
				CED687E71A38042B001F6AAB /* ein.jpg in Resources */,
				CE2414B01A3154AB003B05E8 /* img7.jpg in Resources */,
				CEEA46C81A2E500000DD2039 /* Main.storyboard in Resources */,
				CEEA46E81A2E50F200DD2039 /* item3.jpg in Resources */,
				6A0041771A9A2F55009DD922 /* welcome.png in Resources */,
				6F201D411A9A3388008C7EDA /* love.png in Resources */,
				6F201D331A9A324A008C7EDA /* takaki.png in Resources */,
				CED687F11A389611001F6AAB /* sound3.mp3 in Resources */,
				CE2414AB1A31549D003B05E8 /* img2.jpg in Resources */,
				CEEA46E71A2E50F200DD2039 /* item2.jpg in Resources */,
				CED687F01A389611001F6AAB /* sound2.mp3 in Resources */,
				6A00416F1A9A2A70009DD922 /* background_game.png in Resources */,
			);
			runOnlyForDeploymentPostprocessing = 0;
		};
		CEEA46D01A2E500000DD2039 /* Resources */ = {
			isa = PBXResourcesBuildPhase;
			buildActionMask = 2147483647;
			files = (
			);
			runOnlyForDeploymentPostprocessing = 0;
		};
/* End PBXResourcesBuildPhase section */

/* Begin PBXSourcesBuildPhase section */
		CEEA46B51A2E500000DD2039 /* Sources */ = {
			isa = PBXSourcesBuildPhase;
			buildActionMask = 2147483647;
			files = (
				CE92CC0C1A3162AE003A6732 /* InitScene.swift in Sources */,
				CED687E51A37FD57001F6AAB /* GameData.swift in Sources */,
				6A00414B1A96D3F5009DD922 /* CustomDialog.swift in Sources */,
				CE3212751A2FF71E00B8D0A4 /* GameInfo.swift in Sources */,
				CEEA46C31A2E500000DD2039 /* GameScene.swift in Sources */,
				CE3212711A2F62E900B8D0A4 /* SecondScene.swift in Sources */,
				CE32126F1A2F61A100B8D0A4 /* SceneEscapeProtocol.swift in Sources */,
				CEEA46C51A2E500000DD2039 /* GameViewController.swift in Sources */,
				CE3212731A2F643900B8D0A4 /* SelectScene.swift in Sources */,
				CEEA46BF1A2E500000DD2039 /* AppDelegate.swift in Sources */,
				CE05ADC11A39F366005E6ECD /* UIColor+Shorthands.swift in Sources */,
				6A0041511A981B5B009DD922 /* CustomDialog2.swift in Sources */,
			);
			runOnlyForDeploymentPostprocessing = 0;
		};
		CEEA46CE1A2E500000DD2039 /* Sources */ = {
			isa = PBXSourcesBuildPhase;
			buildActionMask = 2147483647;
			files = (
				CEEA46D91A2E500000DD2039 /* SKGame2Tests.swift in Sources */,
			);
			runOnlyForDeploymentPostprocessing = 0;
		};
/* End PBXSourcesBuildPhase section */

/* Begin PBXTargetDependency section */
		CEEA46D41A2E500000DD2039 /* PBXTargetDependency */ = {
			isa = PBXTargetDependency;
			target = CEEA46B81A2E500000DD2039 /* 先生ウォッチ */;
			targetProxy = CEEA46D31A2E500000DD2039 /* PBXContainerItemProxy */;
		};
/* End PBXTargetDependency section */

/* Begin PBXVariantGroup section */
		CEEA46C61A2E500000DD2039 /* Main.storyboard */ = {
			isa = PBXVariantGroup;
			children = (
				CEEA46C71A2E500000DD2039 /* Base */,
			);
			name = Main.storyboard;
			sourceTree = "<group>";
		};
		CEEA46CB1A2E500000DD2039 /* LaunchScreen.xib */ = {
			isa = PBXVariantGroup;
			children = (
				CEEA46CC1A2E500000DD2039 /* Base */,
			);
			name = LaunchScreen.xib;
			sourceTree = "<group>";
		};
/* End PBXVariantGroup section */

/* Begin XCBuildConfiguration section */
		CEEA46DA1A2E500000DD2039 /* Debug */ = {
			isa = XCBuildConfiguration;
			buildSettings = {
				ALWAYS_SEARCH_USER_PATHS = NO;
				CLANG_CXX_LANGUAGE_STANDARD = "gnu++0x";
				CLANG_CXX_LIBRARY = "libc++";
				CLANG_ENABLE_MODULES = YES;
				CLANG_ENABLE_OBJC_ARC = YES;
				CLANG_WARN_BOOL_CONVERSION = YES;
				CLANG_WARN_CONSTANT_CONVERSION = YES;
				CLANG_WARN_DIRECT_OBJC_ISA_USAGE = YES_ERROR;
				CLANG_WARN_EMPTY_BODY = YES;
				CLANG_WARN_ENUM_CONVERSION = YES;
				CLANG_WARN_INT_CONVERSION = YES;
				CLANG_WARN_OBJC_ROOT_CLASS = YES_ERROR;
				CLANG_WARN_UNREACHABLE_CODE = YES;
				CLANG_WARN__DUPLICATE_METHOD_MATCH = YES;
				"CODE_SIGN_IDENTITY[sdk=iphoneos*]" = "iPhone Developer";
				COPY_PHASE_STRIP = NO;
				ENABLE_STRICT_OBJC_MSGSEND = YES;
				GCC_C_LANGUAGE_STANDARD = gnu99;
				GCC_DYNAMIC_NO_PIC = NO;
				GCC_OPTIMIZATION_LEVEL = 0;
				GCC_PREPROCESSOR_DEFINITIONS = (
					"DEBUG=1",
					"$(inherited)",
				);
				GCC_SYMBOLS_PRIVATE_EXTERN = NO;
				GCC_WARN_64_TO_32_BIT_CONVERSION = YES;
				GCC_WARN_ABOUT_RETURN_TYPE = YES_ERROR;
				GCC_WARN_UNDECLARED_SELECTOR = YES;
				GCC_WARN_UNINITIALIZED_AUTOS = YES_AGGRESSIVE;
				GCC_WARN_UNUSED_FUNCTION = YES;
				GCC_WARN_UNUSED_VARIABLE = YES;
				IPHONEOS_DEPLOYMENT_TARGET = 8.1;
				MTL_ENABLE_DEBUG_INFO = YES;
				ONLY_ACTIVE_ARCH = YES;
				SDKROOT = iphoneos;
				SWIFT_OPTIMIZATION_LEVEL = "-Onone";
			};
			name = Debug;
		};
		CEEA46DB1A2E500000DD2039 /* Release */ = {
			isa = XCBuildConfiguration;
			buildSettings = {
				ALWAYS_SEARCH_USER_PATHS = NO;
				CLANG_CXX_LANGUAGE_STANDARD = "gnu++0x";
				CLANG_CXX_LIBRARY = "libc++";
				CLANG_ENABLE_MODULES = YES;
				CLANG_ENABLE_OBJC_ARC = YES;
				CLANG_WARN_BOOL_CONVERSION = YES;
				CLANG_WARN_CONSTANT_CONVERSION = YES;
				CLANG_WARN_DIRECT_OBJC_ISA_USAGE = YES_ERROR;
				CLANG_WARN_EMPTY_BODY = YES;
				CLANG_WARN_ENUM_CONVERSION = YES;
				CLANG_WARN_INT_CONVERSION = YES;
				CLANG_WARN_OBJC_ROOT_CLASS = YES_ERROR;
				CLANG_WARN_UNREACHABLE_CODE = YES;
				CLANG_WARN__DUPLICATE_METHOD_MATCH = YES;
				"CODE_SIGN_IDENTITY[sdk=iphoneos*]" = "iPhone Developer";
				COPY_PHASE_STRIP = YES;
				ENABLE_NS_ASSERTIONS = NO;
				ENABLE_STRICT_OBJC_MSGSEND = YES;
				GCC_C_LANGUAGE_STANDARD = gnu99;
				GCC_WARN_64_TO_32_BIT_CONVERSION = YES;
				GCC_WARN_ABOUT_RETURN_TYPE = YES_ERROR;
				GCC_WARN_UNDECLARED_SELECTOR = YES;
				GCC_WARN_UNINITIALIZED_AUTOS = YES_AGGRESSIVE;
				GCC_WARN_UNUSED_FUNCTION = YES;
				GCC_WARN_UNUSED_VARIABLE = YES;
				IPHONEOS_DEPLOYMENT_TARGET = 8.1;
				MTL_ENABLE_DEBUG_INFO = NO;
				SDKROOT = iphoneos;
				VALIDATE_PRODUCT = YES;
			};
			name = Release;
		};
		CEEA46DD1A2E500000DD2039 /* Debug */ = {
			isa = XCBuildConfiguration;
			buildSettings = {
				ASSETCATALOG_COMPILER_APPICON_NAME = AppIcon;
				CODE_SIGN_IDENTITY = "iPhone Developer";
				INFOPLIST_FILE = SKGame2/Info.plist;
				LD_RUNPATH_SEARCH_PATHS = "$(inherited) @executable_path/Frameworks";
				PRODUCT_NAME = "$(TARGET_NAME)";
			};
			name = Debug;
		};
		CEEA46DE1A2E500000DD2039 /* Release */ = {
			isa = XCBuildConfiguration;
			buildSettings = {
				ASSETCATALOG_COMPILER_APPICON_NAME = AppIcon;
				CODE_SIGN_IDENTITY = "iPhone Developer";
				INFOPLIST_FILE = SKGame2/Info.plist;
				LD_RUNPATH_SEARCH_PATHS = "$(inherited) @executable_path/Frameworks";
				PRODUCT_NAME = "$(TARGET_NAME)";
			};
			name = Release;
		};
		CEEA46E01A2E500000DD2039 /* Debug */ = {
			isa = XCBuildConfiguration;
			buildSettings = {
				FRAMEWORK_SEARCH_PATHS = (
					"$(SDKROOT)/Developer/Library/Frameworks",
					"$(inherited)",
				);
				GCC_PREPROCESSOR_DEFINITIONS = (
					"DEBUG=1",
					"$(inherited)",
				);
				INFOPLIST_FILE = SKGame2Tests/Info.plist;
				LD_RUNPATH_SEARCH_PATHS = "$(inherited) @executable_path/Frameworks @loader_path/Frameworks";
				PRODUCT_NAME = "$(TARGET_NAME)";
			};
			name = Debug;
		};
		CEEA46E11A2E500000DD2039 /* Release */ = {
			isa = XCBuildConfiguration;
			buildSettings = {
				FRAMEWORK_SEARCH_PATHS = (
					"$(SDKROOT)/Developer/Library/Frameworks",
					"$(inherited)",
				);
				INFOPLIST_FILE = SKGame2Tests/Info.plist;
				LD_RUNPATH_SEARCH_PATHS = "$(inherited) @executable_path/Frameworks @loader_path/Frameworks";
				PRODUCT_NAME = "$(TARGET_NAME)";
			};
			name = Release;
		};
/* End XCBuildConfiguration section */

/* Begin XCConfigurationList section */
		CEEA46B41A2E500000DD2039 /* Build configuration list for PBXProject "SKGame2" */ = {
			isa = XCConfigurationList;
			buildConfigurations = (
				CEEA46DA1A2E500000DD2039 /* Debug */,
				CEEA46DB1A2E500000DD2039 /* Release */,
			);
			defaultConfigurationIsVisible = 0;
			defaultConfigurationName = Release;
		};
		CEEA46DC1A2E500000DD2039 /* Build configuration list for PBXNativeTarget "先生ウォッチ" */ = {
			isa = XCConfigurationList;
			buildConfigurations = (
				CEEA46DD1A2E500000DD2039 /* Debug */,
				CEEA46DE1A2E500000DD2039 /* Release */,
			);
			defaultConfigurationIsVisible = 0;
			defaultConfigurationName = Release;
		};
		CEEA46DF1A2E500000DD2039 /* Build configuration list for PBXNativeTarget "SKGame2Tests" */ = {
			isa = XCConfigurationList;
			buildConfigurations = (
				CEEA46E01A2E500000DD2039 /* Debug */,
				CEEA46E11A2E500000DD2039 /* Release */,
			);
			defaultConfigurationIsVisible = 0;
			defaultConfigurationName = Release;
		};
/* End XCConfigurationList section */
	};
	rootObject = CEEA46B11A2E500000DD2039 /* Project object */;
}
